// !$*UTF8*$!
{
	archiveVersion = 1;
	classes = {
	};
	objectVersion = 56;
	objects = {

/* Begin PBXBuildFile section */
		211010852A253D10004B7025 /* static.css in Resources */ = {isa = PBXBuildFile; fileRef = 211010842A253D10004B7025 /* static.css */; };
		211010872A254750004B7025 /* mac.css in Resources */ = {isa = PBXBuildFile; fileRef = 211010862A254750004B7025 /* mac.css */; };
		211010892A254784004B7025 /* insets.css in Resources */ = {isa = PBXBuildFile; fileRef = 211010882A254784004B7025 /* insets.css */; };
		2110108B2A2547A3004B7025 /* fontsizes.css in Resources */ = {isa = PBXBuildFile; fileRef = 2110108A2A2547A3004B7025 /* fontsizes.css */; };
		2110108E2A25492D004B7025 /* JBRBundleSchemeHandler.m in Sources */ = {isa = PBXBuildFile; fileRef = 2110108D2A25492D004B7025 /* JBRBundleSchemeHandler.m */; };
		211010912A255062004B7025 /* lightmodecolors.css in Resources */ = {isa = PBXBuildFile; fileRef = 2110108F2A255061004B7025 /* lightmodecolors.css */; };
		211010922A255062004B7025 /* darkmodecolors.css in Resources */ = {isa = PBXBuildFile; fileRef = 211010902A255061004B7025 /* darkmodecolors.css */; };
		214BDB1A2A245A6200D7F8C9 /* JBRAccessToken.m in Sources */ = {isa = PBXBuildFile; fileRef = 214BDB192A245A6200D7F8C9 /* JBRAccessToken.m */; };
		214BDB1C2A245B6400D7F8C9 /* JBRAccessTokenUnitTests.m in Sources */ = {isa = PBXBuildFile; fileRef = 214BDB1B2A245B6400D7F8C9 /* JBRAccessTokenUnitTests.m */; };
		214BDB202A250A9100D7F8C9 /* GTMNSString+HTML.m in Sources */ = {isa = PBXBuildFile; fileRef = 214BDB1E2A250A9100D7F8C9 /* GTMNSString+HTML.m */; };
		214BDB242A250B8000D7F8C9 /* JBRHTMLGenerator.m in Sources */ = {isa = PBXBuildFile; fileRef = 214BDB232A250B8000D7F8C9 /* JBRHTMLGenerator.m */; };
		214BDB272A25137D00D7F8C9 /* JBRHTMLGeneratorUnitTests.m in Sources */ = {isa = PBXBuildFile; fileRef = 214BDB262A25137D00D7F8C9 /* JBRHTMLGeneratorUnitTests.m */; };
		21B41D0F2A2396C6008E3FE2 /* JBRAppDelegate.m in Sources */ = {isa = PBXBuildFile; fileRef = 21B41D0E2A2396C6008E3FE2 /* JBRAppDelegate.m */; };
		21B41D142A2396CB008E3FE2 /* Assets.xcassets in Resources */ = {isa = PBXBuildFile; fileRef = 21B41D132A2396CB008E3FE2 /* Assets.xcassets */; };
		21B41D172A2396CB008E3FE2 /* Main.storyboard in Resources */ = {isa = PBXBuildFile; fileRef = 21B41D152A2396CB008E3FE2 /* Main.storyboard */; };
		21B41D192A2396CB008E3FE2 /* main.m in Sources */ = {isa = PBXBuildFile; fileRef = 21B41D182A2396CB008E3FE2 /* main.m */; };
		21B41D3E2A23A729008E3FE2 /* JBRReaderWindow.storyboard in Resources */ = {isa = PBXBuildFile; fileRef = 21B41D3D2A23A729008E3FE2 /* JBRReaderWindow.storyboard */; };
		21B41D412A23AB51008E3FE2 /* JBRReaderWindowController.m in Sources */ = {isa = PBXBuildFile; fileRef = 21B41D402A23AB51008E3FE2 /* JBRReaderWindowController.m */; };
		21B41D442A23ABA7008E3FE2 /* JBRReaderViewController.m in Sources */ = {isa = PBXBuildFile; fileRef = 21B41D432A23ABA7008E3FE2 /* JBRReaderViewController.m */; };
		21B41D482A23B935008E3FE2 /* JBRURLBarViewController.m in Sources */ = {isa = PBXBuildFile; fileRef = 21B41D462A23B935008E3FE2 /* JBRURLBarViewController.m */; };
		21B41D4C2A23CE52008E3FE2 /* JBRURLBarTextField.m in Sources */ = {isa = PBXBuildFile; fileRef = 21B41D4B2A23CE52008E3FE2 /* JBRURLBarTextField.m */; };
		21B41D4F2A23D140008E3FE2 /* JBRURLBarTextFieldCell.m in Sources */ = {isa = PBXBuildFile; fileRef = 21B41D4E2A23D140008E3FE2 /* JBRURLBarTextFieldCell.m */; };
		21B41D542A23F09F008E3FE2 /* JBRWebpageTextService.m in Sources */ = {isa = PBXBuildFile; fileRef = 21B41D532A23F09F008E3FE2 /* JBRWebpageTextService.m */; };
		21B41D572A23F10F008E3FE2 /* JBRAccessTokenResponse.m in Sources */ = {isa = PBXBuildFile; fileRef = 21B41D562A23F10F008E3FE2 /* JBRAccessTokenResponse.m */; };
		21B41D5A2A23F295008E3FE2 /* JBRAccessTokenResponseUnitTests.m in Sources */ = {isa = PBXBuildFile; fileRef = 21B41D592A23F295008E3FE2 /* JBRAccessTokenResponseUnitTests.m */; };
		21B41D5D2A2443B5008E3FE2 /* JBRURLSessionDelegate.m in Sources */ = {isa = PBXBuildFile; fileRef = 21B41D5C2A2443B5008E3FE2 /* JBRURLSessionDelegate.m */; };
		21B41D6D2A244665008E3FE2 /* JBRWebpageTextServiceIntegrationTests.m in Sources */ = {isa = PBXBuildFile; fileRef = 21B41D6C2A244665008E3FE2 /* JBRWebpageTextServiceIntegrationTests.m */; };
		21B41D702A244CA9008E3FE2 /* JBRWebpageContentResponse.m in Sources */ = {isa = PBXBuildFile; fileRef = 21B41D6F2A244CA9008E3FE2 /* JBRWebpageContentResponse.m */; };
		21B41D722A244E04008E3FE2 /* JBRWebpageContentResponseUnitTests.m in Sources */ = {isa = PBXBuildFile; fileRef = 21B41D712A244E04008E3FE2 /* JBRWebpageContentResponseUnitTests.m */; };
/* End PBXBuildFile section */

/* Begin PBXContainerItemProxy section */
		21B41D202A2396CB008E3FE2 /* PBXContainerItemProxy */ = {
			isa = PBXContainerItemProxy;
			containerPortal = 21B41D022A2396C6008E3FE2 /* Project object */;
			proxyType = 1;
			remoteGlobalIDString = 21B41D092A2396C6008E3FE2;
			remoteInfo = Read;
		};
		21B41D662A244614008E3FE2 /* PBXContainerItemProxy */ = {
			isa = PBXContainerItemProxy;
			containerPortal = 21B41D022A2396C6008E3FE2 /* Project object */;
			proxyType = 1;
			remoteGlobalIDString = 21B41D092A2396C6008E3FE2;
			remoteInfo = Read;
		};
/* End PBXContainerItemProxy section */

/* Begin PBXFileReference section */
		211010842A253D10004B7025 /* static.css */ = {isa = PBXFileReference; lastKnownFileType = text.css; path = static.css; sourceTree = "<group>"; };
		211010862A254750004B7025 /* mac.css */ = {isa = PBXFileReference; lastKnownFileType = text.css; path = mac.css; sourceTree = "<group>"; };
		211010882A254784004B7025 /* insets.css */ = {isa = PBXFileReference; lastKnownFileType = text.css; path = insets.css; sourceTree = "<group>"; };
		2110108A2A2547A3004B7025 /* fontsizes.css */ = {isa = PBXFileReference; lastKnownFileType = text.css; path = fontsizes.css; sourceTree = "<group>"; };
		2110108C2A25492D004B7025 /* JBRBundleSchemeHandler.h */ = {isa = PBXFileReference; lastKnownFileType = sourcecode.c.h; path = JBRBundleSchemeHandler.h; sourceTree = "<group>"; };
		2110108D2A25492D004B7025 /* JBRBundleSchemeHandler.m */ = {isa = PBXFileReference; lastKnownFileType = sourcecode.c.objc; path = JBRBundleSchemeHandler.m; sourceTree = "<group>"; };
		2110108F2A255061004B7025 /* lightmodecolors.css */ = {isa = PBXFileReference; fileEncoding = 4; lastKnownFileType = text.css; path = lightmodecolors.css; sourceTree = "<group>"; };
		211010902A255061004B7025 /* darkmodecolors.css */ = {isa = PBXFileReference; fileEncoding = 4; lastKnownFileType = text.css; path = darkmodecolors.css; sourceTree = "<group>"; };
		211010932A257BE9004B7025 /* JBRReaderViewControllerLoadingDelegate.h */ = {isa = PBXFileReference; lastKnownFileType = sourcecode.c.h; path = JBRReaderViewControllerLoadingDelegate.h; sourceTree = "<group>"; };
		211010942A257C7B004B7025 /* JBRURLBarViewControllerDelegate.h */ = {isa = PBXFileReference; lastKnownFileType = sourcecode.c.h; path = JBRURLBarViewControllerDelegate.h; sourceTree = "<group>"; };
		214BDB182A245A6200D7F8C9 /* JBRAccessToken.h */ = {isa = PBXFileReference; lastKnownFileType = sourcecode.c.h; path = JBRAccessToken.h; sourceTree = "<group>"; };
		214BDB192A245A6200D7F8C9 /* JBRAccessToken.m */ = {isa = PBXFileReference; lastKnownFileType = sourcecode.c.objc; path = JBRAccessToken.m; sourceTree = "<group>"; };
		214BDB1B2A245B6400D7F8C9 /* JBRAccessTokenUnitTests.m */ = {isa = PBXFileReference; lastKnownFileType = sourcecode.c.objc; path = JBRAccessTokenUnitTests.m; sourceTree = "<group>"; };
		214BDB1E2A250A9100D7F8C9 /* GTMNSString+HTML.m */ = {isa = PBXFileReference; fileEncoding = 4; lastKnownFileType = sourcecode.c.objc; path = "GTMNSString+HTML.m"; sourceTree = "<group>"; };
		214BDB1F2A250A9100D7F8C9 /* GTMNSString+HTML.h */ = {isa = PBXFileReference; fileEncoding = 4; lastKnownFileType = sourcecode.c.h; path = "GTMNSString+HTML.h"; sourceTree = "<group>"; };
		214BDB212A250A9F00D7F8C9 /* GTMDefines.h */ = {isa = PBXFileReference; lastKnownFileType = sourcecode.c.h; path = GTMDefines.h; sourceTree = "<group>"; };
		214BDB222A250B8000D7F8C9 /* JBRHTMLGenerator.h */ = {isa = PBXFileReference; lastKnownFileType = sourcecode.c.h; path = JBRHTMLGenerator.h; sourceTree = "<group>"; };
		214BDB232A250B8000D7F8C9 /* JBRHTMLGenerator.m */ = {isa = PBXFileReference; lastKnownFileType = sourcecode.c.objc; path = JBRHTMLGenerator.m; sourceTree = "<group>"; };
		214BDB262A25137D00D7F8C9 /* JBRHTMLGeneratorUnitTests.m */ = {isa = PBXFileReference; lastKnownFileType = sourcecode.c.objc; path = JBRHTMLGeneratorUnitTests.m; sourceTree = "<group>"; };
		21B41D0A2A2396C6008E3FE2 /* Read.app */ = {isa = PBXFileReference; explicitFileType = wrapper.application; includeInIndex = 0; path = Read.app; sourceTree = BUILT_PRODUCTS_DIR; };
		21B41D0D2A2396C6008E3FE2 /* JBRAppDelegate.h */ = {isa = PBXFileReference; lastKnownFileType = sourcecode.c.h; path = JBRAppDelegate.h; sourceTree = "<group>"; };
		21B41D0E2A2396C6008E3FE2 /* JBRAppDelegate.m */ = {isa = PBXFileReference; lastKnownFileType = sourcecode.c.objc; path = JBRAppDelegate.m; sourceTree = "<group>"; };
		21B41D132A2396CB008E3FE2 /* Assets.xcassets */ = {isa = PBXFileReference; lastKnownFileType = folder.assetcatalog; path = Assets.xcassets; sourceTree = "<group>"; };
		21B41D162A2396CB008E3FE2 /* Base */ = {isa = PBXFileReference; lastKnownFileType = file.storyboard; name = Base; path = Base.lproj/Main.storyboard; sourceTree = "<group>"; };
		21B41D182A2396CB008E3FE2 /* main.m */ = {isa = PBXFileReference; lastKnownFileType = sourcecode.c.objc; path = main.m; sourceTree = "<group>"; };
		21B41D1A2A2396CB008E3FE2 /* Read.entitlements */ = {isa = PBXFileReference; lastKnownFileType = text.plist.entitlements; path = Read.entitlements; sourceTree = "<group>"; };
		21B41D1F2A2396CB008E3FE2 /* Read Unit Tests.xctest */ = {isa = PBXFileReference; explicitFileType = wrapper.cfbundle; includeInIndex = 0; path = "Read Unit Tests.xctest"; sourceTree = BUILT_PRODUCTS_DIR; };
		21B41D3D2A23A729008E3FE2 /* JBRReaderWindow.storyboard */ = {isa = PBXFileReference; lastKnownFileType = file.storyboard; path = JBRReaderWindow.storyboard; sourceTree = "<group>"; };
		21B41D3F2A23AB51008E3FE2 /* JBRReaderWindowController.h */ = {isa = PBXFileReference; lastKnownFileType = sourcecode.c.h; path = JBRReaderWindowController.h; sourceTree = "<group>"; };
		21B41D402A23AB51008E3FE2 /* JBRReaderWindowController.m */ = {isa = PBXFileReference; lastKnownFileType = sourcecode.c.objc; path = JBRReaderWindowController.m; sourceTree = "<group>"; };
		21B41D422A23ABA7008E3FE2 /* JBRReaderViewController.h */ = {isa = PBXFileReference; lastKnownFileType = sourcecode.c.h; path = JBRReaderViewController.h; sourceTree = "<group>"; };
		21B41D432A23ABA7008E3FE2 /* JBRReaderViewController.m */ = {isa = PBXFileReference; lastKnownFileType = sourcecode.c.objc; path = JBRReaderViewController.m; sourceTree = "<group>"; };
		21B41D452A23B935008E3FE2 /* JBRURLBarViewController.h */ = {isa = PBXFileReference; lastKnownFileType = sourcecode.c.h; path = JBRURLBarViewController.h; sourceTree = "<group>"; };
		21B41D462A23B935008E3FE2 /* JBRURLBarViewController.m */ = {isa = PBXFileReference; lastKnownFileType = sourcecode.c.objc; path = JBRURLBarViewController.m; sourceTree = "<group>"; };
		21B41D4A2A23CE52008E3FE2 /* JBRURLBarTextField.h */ = {isa = PBXFileReference; lastKnownFileType = sourcecode.c.h; path = JBRURLBarTextField.h; sourceTree = "<group>"; };
		21B41D4B2A23CE52008E3FE2 /* JBRURLBarTextField.m */ = {isa = PBXFileReference; lastKnownFileType = sourcecode.c.objc; path = JBRURLBarTextField.m; sourceTree = "<group>"; };
		21B41D4D2A23D140008E3FE2 /* JBRURLBarTextFieldCell.h */ = {isa = PBXFileReference; lastKnownFileType = sourcecode.c.h; path = JBRURLBarTextFieldCell.h; sourceTree = "<group>"; };
		21B41D4E2A23D140008E3FE2 /* JBRURLBarTextFieldCell.m */ = {isa = PBXFileReference; lastKnownFileType = sourcecode.c.objc; path = JBRURLBarTextFieldCell.m; sourceTree = "<group>"; };
		21B41D522A23F09F008E3FE2 /* JBRWebpageTextService.h */ = {isa = PBXFileReference; lastKnownFileType = sourcecode.c.h; path = JBRWebpageTextService.h; sourceTree = "<group>"; };
		21B41D532A23F09F008E3FE2 /* JBRWebpageTextService.m */ = {isa = PBXFileReference; lastKnownFileType = sourcecode.c.objc; path = JBRWebpageTextService.m; sourceTree = "<group>"; };
		21B41D552A23F10F008E3FE2 /* JBRAccessTokenResponse.h */ = {isa = PBXFileReference; lastKnownFileType = sourcecode.c.h; path = JBRAccessTokenResponse.h; sourceTree = "<group>"; };
		21B41D562A23F10F008E3FE2 /* JBRAccessTokenResponse.m */ = {isa = PBXFileReference; lastKnownFileType = sourcecode.c.objc; path = JBRAccessTokenResponse.m; sourceTree = "<group>"; };
		21B41D592A23F295008E3FE2 /* JBRAccessTokenResponseUnitTests.m */ = {isa = PBXFileReference; lastKnownFileType = sourcecode.c.objc; path = JBRAccessTokenResponseUnitTests.m; sourceTree = "<group>"; };
		21B41D5B2A2443B5008E3FE2 /* JBRURLSessionDelegate.h */ = {isa = PBXFileReference; lastKnownFileType = sourcecode.c.h; path = JBRURLSessionDelegate.h; sourceTree = "<group>"; };
		21B41D5C2A2443B5008E3FE2 /* JBRURLSessionDelegate.m */ = {isa = PBXFileReference; lastKnownFileType = sourcecode.c.objc; path = JBRURLSessionDelegate.m; sourceTree = "<group>"; };
		21B41D622A244614008E3FE2 /* Read Integration Tests.xctest */ = {isa = PBXFileReference; explicitFileType = wrapper.cfbundle; includeInIndex = 0; path = "Read Integration Tests.xctest"; sourceTree = BUILT_PRODUCTS_DIR; };
		21B41D6C2A244665008E3FE2 /* JBRWebpageTextServiceIntegrationTests.m */ = {isa = PBXFileReference; lastKnownFileType = sourcecode.c.objc; path = JBRWebpageTextServiceIntegrationTests.m; sourceTree = "<group>"; };
		21B41D6E2A244CA9008E3FE2 /* JBRWebpageContentResponse.h */ = {isa = PBXFileReference; lastKnownFileType = sourcecode.c.h; path = JBRWebpageContentResponse.h; sourceTree = "<group>"; };
		21B41D6F2A244CA9008E3FE2 /* JBRWebpageContentResponse.m */ = {isa = PBXFileReference; lastKnownFileType = sourcecode.c.objc; path = JBRWebpageContentResponse.m; sourceTree = "<group>"; };
		21B41D712A244E04008E3FE2 /* JBRWebpageContentResponseUnitTests.m */ = {isa = PBXFileReference; lastKnownFileType = sourcecode.c.objc; path = JBRWebpageContentResponseUnitTests.m; sourceTree = "<group>"; };
/* End PBXFileReference section */

/* Begin PBXFrameworksBuildPhase section */
		21B41D072A2396C6008E3FE2 /* Frameworks */ = {
			isa = PBXFrameworksBuildPhase;
			buildActionMask = 2147483647;
			files = (
			);
			runOnlyForDeploymentPostprocessing = 0;
		};
		21B41D1C2A2396CB008E3FE2 /* Frameworks */ = {
			isa = PBXFrameworksBuildPhase;
			buildActionMask = 2147483647;
			files = (
			);
			runOnlyForDeploymentPostprocessing = 0;
		};
		21B41D5F2A244614008E3FE2 /* Frameworks */ = {
			isa = PBXFrameworksBuildPhase;
			buildActionMask = 2147483647;
			files = (
			);
			runOnlyForDeploymentPostprocessing = 0;
		};
/* End PBXFrameworksBuildPhase section */

/* Begin PBXGroup section */
		211010832A253CFE004B7025 /* CSS */ = {
			isa = PBXGroup;
			children = (
				211010902A255061004B7025 /* darkmodecolors.css */,
				2110108A2A2547A3004B7025 /* fontsizes.css */,
				211010882A254784004B7025 /* insets.css */,
				2110108F2A255061004B7025 /* lightmodecolors.css */,
				211010862A254750004B7025 /* mac.css */,
				211010842A253D10004B7025 /* static.css */,
			);
			path = CSS;
			sourceTree = "<group>";
		};
		214BDB1D2A250A7200D7F8C9 /* Third Party */ = {
			isa = PBXGroup;
			children = (
				214BDB212A250A9F00D7F8C9 /* GTMDefines.h */,
				214BDB1F2A250A9100D7F8C9 /* GTMNSString+HTML.h */,
				214BDB1E2A250A9100D7F8C9 /* GTMNSString+HTML.m */,
			);
			path = "Third Party";
			sourceTree = "<group>";
		};
		214BDB252A25136000D7F8C9 /* Reader Window */ = {
			isa = PBXGroup;
			children = (
				214BDB262A25137D00D7F8C9 /* JBRHTMLGeneratorUnitTests.m */,
			);
			path = "Reader Window";
			sourceTree = "<group>";
		};
		21B41D012A2396C6008E3FE2 = {
			isa = PBXGroup;
			children = (
				21B41D0C2A2396C6008E3FE2 /* Read */,
				21B41D222A2396CB008E3FE2 /* Read Unit Tests */,
				21B41D632A244614008E3FE2 /* Read Integration Tests */,
				21B41D0B2A2396C6008E3FE2 /* Products */,
			);
			sourceTree = "<group>";
		};
		21B41D0B2A2396C6008E3FE2 /* Products */ = {
			isa = PBXGroup;
			children = (
				21B41D0A2A2396C6008E3FE2 /* Read.app */,
				21B41D1F2A2396CB008E3FE2 /* Read Unit Tests.xctest */,
				21B41D622A244614008E3FE2 /* Read Integration Tests.xctest */,
			);
			name = Products;
			sourceTree = "<group>";
		};
		21B41D0C2A2396C6008E3FE2 /* Read */ = {
			isa = PBXGroup;
			children = (
				21B41D0D2A2396C6008E3FE2 /* JBRAppDelegate.h */,
				21B41D0E2A2396C6008E3FE2 /* JBRAppDelegate.m */,
				21B41D132A2396CB008E3FE2 /* Assets.xcassets */,
				21B41D152A2396CB008E3FE2 /* Main.storyboard */,
				21B41D182A2396CB008E3FE2 /* main.m */,
				21B41D1A2A2396CB008E3FE2 /* Read.entitlements */,
				214BDB1D2A250A7200D7F8C9 /* Third Party */,
				21B41D3C2A23A6C7008E3FE2 /* Reader Window */,
				21B41D512A23F07B008E3FE2 /* Webpage Text Service */,
			);
			path = Read;
			sourceTree = "<group>";
		};
		21B41D222A2396CB008E3FE2 /* Read Unit Tests */ = {
			isa = PBXGroup;
			children = (
				214BDB252A25136000D7F8C9 /* Reader Window */,
				21B41D582A23F270008E3FE2 /* Webpage Text Service */,
			);
			path = "Read Unit Tests";
			sourceTree = "<group>";
		};
		21B41D3C2A23A6C7008E3FE2 /* Reader Window */ = {
			isa = PBXGroup;
			children = (
				211010832A253CFE004B7025 /* CSS */,
				214BDB222A250B8000D7F8C9 /* JBRHTMLGenerator.h */,
				214BDB232A250B8000D7F8C9 /* JBRHTMLGenerator.m */,
				2110108C2A25492D004B7025 /* JBRBundleSchemeHandler.h */,
				2110108D2A25492D004B7025 /* JBRBundleSchemeHandler.m */,
				21B41D422A23ABA7008E3FE2 /* JBRReaderViewController.h */,
				211010932A257BE9004B7025 /* JBRReaderViewControllerLoadingDelegate.h */,
				21B41D432A23ABA7008E3FE2 /* JBRReaderViewController.m */,
				21B41D3F2A23AB51008E3FE2 /* JBRReaderWindowController.h */,
				21B41D402A23AB51008E3FE2 /* JBRReaderWindowController.m */,
				21B41D502A23E2D1008E3FE2 /* URL Bar */,
				21B41D3D2A23A729008E3FE2 /* JBRReaderWindow.storyboard */,
			);
			path = "Reader Window";
			sourceTree = "<group>";
		};
		21B41D502A23E2D1008E3FE2 /* URL Bar */ = {
			isa = PBXGroup;
			children = (
				21B41D452A23B935008E3FE2 /* JBRURLBarViewController.h */,
				211010942A257C7B004B7025 /* JBRURLBarViewControllerDelegate.h */,
				21B41D462A23B935008E3FE2 /* JBRURLBarViewController.m */,
				21B41D4A2A23CE52008E3FE2 /* JBRURLBarTextField.h */,
				21B41D4B2A23CE52008E3FE2 /* JBRURLBarTextField.m */,
				21B41D4D2A23D140008E3FE2 /* JBRURLBarTextFieldCell.h */,
				21B41D4E2A23D140008E3FE2 /* JBRURLBarTextFieldCell.m */,
			);
			path = "URL Bar";
			sourceTree = "<group>";
		};
		21B41D512A23F07B008E3FE2 /* Webpage Text Service */ = {
			isa = PBXGroup;
			children = (
				214BDB182A245A6200D7F8C9 /* JBRAccessToken.h */,
				214BDB192A245A6200D7F8C9 /* JBRAccessToken.m */,
				21B41D552A23F10F008E3FE2 /* JBRAccessTokenResponse.h */,
				21B41D562A23F10F008E3FE2 /* JBRAccessTokenResponse.m */,
				21B41D6E2A244CA9008E3FE2 /* JBRWebpageContentResponse.h */,
				21B41D6F2A244CA9008E3FE2 /* JBRWebpageContentResponse.m */,
				21B41D5B2A2443B5008E3FE2 /* JBRURLSessionDelegate.h */,
				21B41D5C2A2443B5008E3FE2 /* JBRURLSessionDelegate.m */,
				21B41D522A23F09F008E3FE2 /* JBRWebpageTextService.h */,
				21B41D532A23F09F008E3FE2 /* JBRWebpageTextService.m */,
			);
			path = "Webpage Text Service";
			sourceTree = "<group>";
		};
		21B41D582A23F270008E3FE2 /* Webpage Text Service */ = {
			isa = PBXGroup;
			children = (
				21B41D592A23F295008E3FE2 /* JBRAccessTokenResponseUnitTests.m */,
				21B41D712A244E04008E3FE2 /* JBRWebpageContentResponseUnitTests.m */,
				214BDB1B2A245B6400D7F8C9 /* JBRAccessTokenUnitTests.m */,
			);
			path = "Webpage Text Service";
			sourceTree = "<group>";
		};
		21B41D632A244614008E3FE2 /* Read Integration Tests */ = {
			isa = PBXGroup;
			children = (
				21B41D6B2A24463C008E3FE2 /* Webpage Text Service */,
			);
			path = "Read Integration Tests";
			sourceTree = "<group>";
		};
		21B41D6B2A24463C008E3FE2 /* Webpage Text Service */ = {
			isa = PBXGroup;
			children = (
				21B41D6C2A244665008E3FE2 /* JBRWebpageTextServiceIntegrationTests.m */,
			);
			path = "Webpage Text Service";
			sourceTree = "<group>";
		};
/* End PBXGroup section */

/* Begin PBXNativeTarget section */
		21B41D092A2396C6008E3FE2 /* Read */ = {
			isa = PBXNativeTarget;
			buildConfigurationList = 21B41D332A2396CB008E3FE2 /* Build configuration list for PBXNativeTarget "Read" */;
			buildPhases = (
				21B41D062A2396C6008E3FE2 /* Sources */,
				21B41D072A2396C6008E3FE2 /* Frameworks */,
				21B41D082A2396C6008E3FE2 /* Resources */,
			);
			buildRules = (
			);
			dependencies = (
			);
			name = Read;
			productName = Read;
			productReference = 21B41D0A2A2396C6008E3FE2 /* Read.app */;
			productType = "com.apple.product-type.application";
		};
		21B41D1E2A2396CB008E3FE2 /* Read Unit Tests */ = {
			isa = PBXNativeTarget;
			buildConfigurationList = 21B41D362A2396CB008E3FE2 /* Build configuration list for PBXNativeTarget "Read Unit Tests" */;
			buildPhases = (
				21B41D1B2A2396CB008E3FE2 /* Sources */,
				21B41D1C2A2396CB008E3FE2 /* Frameworks */,
				21B41D1D2A2396CB008E3FE2 /* Resources */,
			);
			buildRules = (
			);
			dependencies = (
				21B41D212A2396CB008E3FE2 /* PBXTargetDependency */,
			);
			name = "Read Unit Tests";
			productName = ReadTests;
			productReference = 21B41D1F2A2396CB008E3FE2 /* Read Unit Tests.xctest */;
			productType = "com.apple.product-type.bundle.unit-test";
		};
		21B41D612A244614008E3FE2 /* Read Integration Tests */ = {
			isa = PBXNativeTarget;
			buildConfigurationList = 21B41D682A244614008E3FE2 /* Build configuration list for PBXNativeTarget "Read Integration Tests" */;
			buildPhases = (
				21B41D5E2A244614008E3FE2 /* Sources */,
				21B41D5F2A244614008E3FE2 /* Frameworks */,
				21B41D602A244614008E3FE2 /* Resources */,
			);
			buildRules = (
			);
			dependencies = (
				21B41D672A244614008E3FE2 /* PBXTargetDependency */,
			);
			name = "Read Integration Tests";
			productName = "Read Integration Tests";
			productReference = 21B41D622A244614008E3FE2 /* Read Integration Tests.xctest */;
			productType = "com.apple.product-type.bundle.unit-test";
		};
/* End PBXNativeTarget section */

/* Begin PBXProject section */
		21B41D022A2396C6008E3FE2 /* Project object */ = {
			isa = PBXProject;
			attributes = {
				BuildIndependentTargetsInParallel = 1;
				LastUpgradeCheck = 1430;
				TargetAttributes = {
					21B41D092A2396C6008E3FE2 = {
						CreatedOnToolsVersion = 14.3.1;
					};
					21B41D1E2A2396CB008E3FE2 = {
						CreatedOnToolsVersion = 14.3.1;
						TestTargetID = 21B41D092A2396C6008E3FE2;
					};
					21B41D612A244614008E3FE2 = {
						CreatedOnToolsVersion = 14.3.1;
						TestTargetID = 21B41D092A2396C6008E3FE2;
					};
				};
			};
			buildConfigurationList = 21B41D052A2396C6008E3FE2 /* Build configuration list for PBXProject "Read" */;
			compatibilityVersion = "Xcode 14.0";
			developmentRegion = en;
			hasScannedForEncodings = 0;
			knownRegions = (
				en,
				Base,
			);
			mainGroup = 21B41D012A2396C6008E3FE2;
			productRefGroup = 21B41D0B2A2396C6008E3FE2 /* Products */;
			projectDirPath = "";
			projectRoot = "";
			targets = (
				21B41D092A2396C6008E3FE2 /* Read */,
				21B41D1E2A2396CB008E3FE2 /* Read Unit Tests */,
				21B41D612A244614008E3FE2 /* Read Integration Tests */,
			);
		};
/* End PBXProject section */

/* Begin PBXResourcesBuildPhase section */
		21B41D082A2396C6008E3FE2 /* Resources */ = {
			isa = PBXResourcesBuildPhase;
			buildActionMask = 2147483647;
			files = (
				21B41D142A2396CB008E3FE2 /* Assets.xcassets in Resources */,
				211010922A255062004B7025 /* darkmodecolors.css in Resources */,
				211010912A255062004B7025 /* lightmodecolors.css in Resources */,
				2110108B2A2547A3004B7025 /* fontsizes.css in Resources */,
				211010892A254784004B7025 /* insets.css in Resources */,
				211010852A253D10004B7025 /* static.css in Resources */,
				211010872A254750004B7025 /* mac.css in Resources */,
				21B41D172A2396CB008E3FE2 /* Main.storyboard in Resources */,
				21B41D3E2A23A729008E3FE2 /* JBRReaderWindow.storyboard in Resources */,
			);
			runOnlyForDeploymentPostprocessing = 0;
		};
		21B41D1D2A2396CB008E3FE2 /* Resources */ = {
			isa = PBXResourcesBuildPhase;
			buildActionMask = 2147483647;
			files = (
			);
			runOnlyForDeploymentPostprocessing = 0;
		};
		21B41D602A244614008E3FE2 /* Resources */ = {
			isa = PBXResourcesBuildPhase;
			buildActionMask = 2147483647;
			files = (
			);
			runOnlyForDeploymentPostprocessing = 0;
		};
/* End PBXResourcesBuildPhase section */

/* Begin PBXSourcesBuildPhase section */
		21B41D062A2396C6008E3FE2 /* Sources */ = {
			isa = PBXSourcesBuildPhase;
			buildActionMask = 2147483647;
			files = (
				21B41D442A23ABA7008E3FE2 /* JBRReaderViewController.m in Sources */,
				21B41D542A23F09F008E3FE2 /* JBRWebpageTextService.m in Sources */,
				21B41D572A23F10F008E3FE2 /* JBRAccessTokenResponse.m in Sources */,
				21B41D412A23AB51008E3FE2 /* JBRReaderWindowController.m in Sources */,
				214BDB1A2A245A6200D7F8C9 /* JBRAccessToken.m in Sources */,
				21B41D192A2396CB008E3FE2 /* main.m in Sources */,
				2110108E2A25492D004B7025 /* JBRBundleSchemeHandler.m in Sources */,
				21B41D4C2A23CE52008E3FE2 /* JBRURLBarTextField.m in Sources */,
				21B41D5D2A2443B5008E3FE2 /* JBRURLSessionDelegate.m in Sources */,
				21B41D702A244CA9008E3FE2 /* JBRWebpageContentResponse.m in Sources */,
				214BDB242A250B8000D7F8C9 /* JBRHTMLGenerator.m in Sources */,
				21B41D482A23B935008E3FE2 /* JBRURLBarViewController.m in Sources */,
				21B41D4F2A23D140008E3FE2 /* JBRURLBarTextFieldCell.m in Sources */,
				21B41D0F2A2396C6008E3FE2 /* JBRAppDelegate.m in Sources */,
				214BDB202A250A9100D7F8C9 /* GTMNSString+HTML.m in Sources */,
			);
			runOnlyForDeploymentPostprocessing = 0;
		};
		21B41D1B2A2396CB008E3FE2 /* Sources */ = {
			isa = PBXSourcesBuildPhase;
			buildActionMask = 2147483647;
			files = (
				21B41D5A2A23F295008E3FE2 /* JBRAccessTokenResponseUnitTests.m in Sources */,
				21B41D722A244E04008E3FE2 /* JBRWebpageContentResponseUnitTests.m in Sources */,
				214BDB1C2A245B6400D7F8C9 /* JBRAccessTokenUnitTests.m in Sources */,
				214BDB272A25137D00D7F8C9 /* JBRHTMLGeneratorUnitTests.m in Sources */,
			);
			runOnlyForDeploymentPostprocessing = 0;
		};
		21B41D5E2A244614008E3FE2 /* Sources */ = {
			isa = PBXSourcesBuildPhase;
			buildActionMask = 2147483647;
			files = (
				21B41D6D2A244665008E3FE2 /* JBRWebpageTextServiceIntegrationTests.m in Sources */,
			);
			runOnlyForDeploymentPostprocessing = 0;
		};
/* End PBXSourcesBuildPhase section */

/* Begin PBXTargetDependency section */
		21B41D212A2396CB008E3FE2 /* PBXTargetDependency */ = {
			isa = PBXTargetDependency;
			target = 21B41D092A2396C6008E3FE2 /* Read */;
			targetProxy = 21B41D202A2396CB008E3FE2 /* PBXContainerItemProxy */;
		};
		21B41D672A244614008E3FE2 /* PBXTargetDependency */ = {
			isa = PBXTargetDependency;
			target = 21B41D092A2396C6008E3FE2 /* Read */;
			targetProxy = 21B41D662A244614008E3FE2 /* PBXContainerItemProxy */;
		};
/* End PBXTargetDependency section */

/* Begin PBXVariantGroup section */
		21B41D152A2396CB008E3FE2 /* Main.storyboard */ = {
			isa = PBXVariantGroup;
			children = (
				21B41D162A2396CB008E3FE2 /* Base */,
			);
			name = Main.storyboard;
			sourceTree = "<group>";
		};
/* End PBXVariantGroup section */

/* Begin XCBuildConfiguration section */
		21B41D312A2396CB008E3FE2 /* Debug */ = {
			isa = XCBuildConfiguration;
			buildSettings = {
				ALWAYS_SEARCH_USER_PATHS = NO;
				CLANG_ANALYZER_NONNULL = YES;
				CLANG_ANALYZER_NUMBER_OBJECT_CONVERSION = YES_AGGRESSIVE;
				CLANG_CXX_LANGUAGE_STANDARD = "gnu++20";
				CLANG_ENABLE_MODULES = YES;
				CLANG_ENABLE_OBJC_ARC = YES;
				CLANG_ENABLE_OBJC_WEAK = YES;
				CLANG_WARN_BLOCK_CAPTURE_AUTORELEASING = YES;
				CLANG_WARN_BOOL_CONVERSION = YES;
				CLANG_WARN_COMMA = YES;
				CLANG_WARN_CONSTANT_CONVERSION = YES;
				CLANG_WARN_DEPRECATED_OBJC_IMPLEMENTATIONS = YES;
				CLANG_WARN_DIRECT_OBJC_ISA_USAGE = YES_ERROR;
				CLANG_WARN_DOCUMENTATION_COMMENTS = YES;
				CLANG_WARN_EMPTY_BODY = YES;
				CLANG_WARN_ENUM_CONVERSION = YES;
				CLANG_WARN_INFINITE_RECURSION = YES;
				CLANG_WARN_INT_CONVERSION = YES;
				CLANG_WARN_NON_LITERAL_NULL_CONVERSION = YES;
				CLANG_WARN_OBJC_IMPLICIT_RETAIN_SELF = YES;
				CLANG_WARN_OBJC_LITERAL_CONVERSION = YES;
				CLANG_WARN_OBJC_ROOT_CLASS = YES_ERROR;
				CLANG_WARN_QUOTED_INCLUDE_IN_FRAMEWORK_HEADER = YES;
				CLANG_WARN_RANGE_LOOP_ANALYSIS = YES;
				CLANG_WARN_STRICT_PROTOTYPES = YES;
				CLANG_WARN_SUSPICIOUS_MOVE = YES;
				CLANG_WARN_UNGUARDED_AVAILABILITY = YES_AGGRESSIVE;
				CLANG_WARN_UNREACHABLE_CODE = YES;
				CLANG_WARN__DUPLICATE_METHOD_MATCH = YES;
				COPY_PHASE_STRIP = NO;
				DEBUG_INFORMATION_FORMAT = dwarf;
				ENABLE_STRICT_OBJC_MSGSEND = YES;
				ENABLE_TESTABILITY = YES;
				GCC_C_LANGUAGE_STANDARD = gnu11;
				GCC_DYNAMIC_NO_PIC = NO;
				GCC_NO_COMMON_BLOCKS = YES;
				GCC_OPTIMIZATION_LEVEL = 0;
				GCC_PREPROCESSOR_DEFINITIONS = (
					"DEBUG=1",
					"$(inherited)",
				);
				GCC_WARN_64_TO_32_BIT_CONVERSION = YES;
				GCC_WARN_ABOUT_RETURN_TYPE = YES_ERROR;
				GCC_WARN_UNDECLARED_SELECTOR = YES;
				GCC_WARN_UNINITIALIZED_AUTOS = YES_AGGRESSIVE;
				GCC_WARN_UNUSED_FUNCTION = YES;
				GCC_WARN_UNUSED_VARIABLE = YES;
				MACOSX_DEPLOYMENT_TARGET = 13.3;
				MTL_ENABLE_DEBUG_INFO = INCLUDE_SOURCE;
				MTL_FAST_MATH = YES;
				ONLY_ACTIVE_ARCH = YES;
				SDKROOT = macosx;
			};
			name = Debug;
		};
		21B41D322A2396CB008E3FE2 /* Release */ = {
			isa = XCBuildConfiguration;
			buildSettings = {
				ALWAYS_SEARCH_USER_PATHS = NO;
				CLANG_ANALYZER_NONNULL = YES;
				CLANG_ANALYZER_NUMBER_OBJECT_CONVERSION = YES_AGGRESSIVE;
				CLANG_CXX_LANGUAGE_STANDARD = "gnu++20";
				CLANG_ENABLE_MODULES = YES;
				CLANG_ENABLE_OBJC_ARC = YES;
				CLANG_ENABLE_OBJC_WEAK = YES;
				CLANG_WARN_BLOCK_CAPTURE_AUTORELEASING = YES;
				CLANG_WARN_BOOL_CONVERSION = YES;
				CLANG_WARN_COMMA = YES;
				CLANG_WARN_CONSTANT_CONVERSION = YES;
				CLANG_WARN_DEPRECATED_OBJC_IMPLEMENTATIONS = YES;
				CLANG_WARN_DIRECT_OBJC_ISA_USAGE = YES_ERROR;
				CLANG_WARN_DOCUMENTATION_COMMENTS = YES;
				CLANG_WARN_EMPTY_BODY = YES;
				CLANG_WARN_ENUM_CONVERSION = YES;
				CLANG_WARN_INFINITE_RECURSION = YES;
				CLANG_WARN_INT_CONVERSION = YES;
				CLANG_WARN_NON_LITERAL_NULL_CONVERSION = YES;
				CLANG_WARN_OBJC_IMPLICIT_RETAIN_SELF = YES;
				CLANG_WARN_OBJC_LITERAL_CONVERSION = YES;
				CLANG_WARN_OBJC_ROOT_CLASS = YES_ERROR;
				CLANG_WARN_QUOTED_INCLUDE_IN_FRAMEWORK_HEADER = YES;
				CLANG_WARN_RANGE_LOOP_ANALYSIS = YES;
				CLANG_WARN_STRICT_PROTOTYPES = YES;
				CLANG_WARN_SUSPICIOUS_MOVE = YES;
				CLANG_WARN_UNGUARDED_AVAILABILITY = YES_AGGRESSIVE;
				CLANG_WARN_UNREACHABLE_CODE = YES;
				CLANG_WARN__DUPLICATE_METHOD_MATCH = YES;
				COPY_PHASE_STRIP = NO;
				DEBUG_INFORMATION_FORMAT = "dwarf-with-dsym";
				ENABLE_NS_ASSERTIONS = NO;
				ENABLE_STRICT_OBJC_MSGSEND = YES;
				GCC_C_LANGUAGE_STANDARD = gnu11;
				GCC_NO_COMMON_BLOCKS = YES;
				GCC_WARN_64_TO_32_BIT_CONVERSION = YES;
				GCC_WARN_ABOUT_RETURN_TYPE = YES_ERROR;
				GCC_WARN_UNDECLARED_SELECTOR = YES;
				GCC_WARN_UNINITIALIZED_AUTOS = YES_AGGRESSIVE;
				GCC_WARN_UNUSED_FUNCTION = YES;
				GCC_WARN_UNUSED_VARIABLE = YES;
				MACOSX_DEPLOYMENT_TARGET = 13.3;
				MTL_ENABLE_DEBUG_INFO = NO;
				MTL_FAST_MATH = YES;
				SDKROOT = macosx;
			};
			name = Release;
		};
		21B41D342A2396CB008E3FE2 /* Debug */ = {
			isa = XCBuildConfiguration;
			buildSettings = {
				ASSETCATALOG_COMPILER_APPICON_NAME = AppIcon;
				ASSETCATALOG_COMPILER_GLOBAL_ACCENT_COLOR_NAME = AccentColor;
				CODE_SIGN_ENTITLEMENTS = Read/Read.entitlements;
				CODE_SIGN_STYLE = Automatic;
				COMBINE_HIDPI_IMAGES = YES;
				CURRENT_PROJECT_VERSION = 1;
				DEVELOPMENT_TEAM = 372S63A2R8;
				ENABLE_HARDENED_RUNTIME = YES;
				GENERATE_INFOPLIST_FILE = YES;
				INFOPLIST_KEY_NSHumanReadableCopyright = "";
				INFOPLIST_KEY_NSMainStoryboardFile = Main;
				INFOPLIST_KEY_NSPrincipalClass = NSApplication;
				LD_RUNPATH_SEARCH_PATHS = (
					"$(inherited)",
					"@executable_path/../Frameworks",
				);
				MARKETING_VERSION = 1.0;
				PRODUCT_BUNDLE_IDENTIFIER = com.goldenhillsoftware.Read;
				PRODUCT_NAME = "$(TARGET_NAME)";
				SWIFT_EMIT_LOC_STRINGS = YES;
			};
			name = Debug;
		};
		21B41D352A2396CB008E3FE2 /* Release */ = {
			isa = XCBuildConfiguration;
			buildSettings = {
				ASSETCATALOG_COMPILER_APPICON_NAME = AppIcon;
				ASSETCATALOG_COMPILER_GLOBAL_ACCENT_COLOR_NAME = AccentColor;
				CODE_SIGN_ENTITLEMENTS = Read/Read.entitlements;
				CODE_SIGN_STYLE = Automatic;
				COMBINE_HIDPI_IMAGES = YES;
				CURRENT_PROJECT_VERSION = 1;
				DEVELOPMENT_TEAM = 372S63A2R8;
				ENABLE_HARDENED_RUNTIME = YES;
				GENERATE_INFOPLIST_FILE = YES;
				INFOPLIST_KEY_NSHumanReadableCopyright = "";
				INFOPLIST_KEY_NSMainStoryboardFile = Main;
				INFOPLIST_KEY_NSPrincipalClass = NSApplication;
				LD_RUNPATH_SEARCH_PATHS = (
					"$(inherited)",
					"@executable_path/../Frameworks",
				);
				MARKETING_VERSION = 1.0;
				PRODUCT_BUNDLE_IDENTIFIER = com.goldenhillsoftware.Read;
				PRODUCT_NAME = "$(TARGET_NAME)";
				SWIFT_EMIT_LOC_STRINGS = YES;
			};
			name = Release;
		};
		21B41D372A2396CB008E3FE2 /* Debug */ = {
			isa = XCBuildConfiguration;
			buildSettings = {
				BUNDLE_LOADER = "$(TEST_HOST)";
				CODE_SIGN_STYLE = Automatic;
				CURRENT_PROJECT_VERSION = 1;
				DEVELOPMENT_TEAM = 372S63A2R8;
				GENERATE_INFOPLIST_FILE = YES;
				MACOSX_DEPLOYMENT_TARGET = 13.3;
				MARKETING_VERSION = 1.0;
				PRODUCT_BUNDLE_IDENTIFIER = com.goldenhillsoftware.ReadTests;
				PRODUCT_NAME = "$(TARGET_NAME)";
				SWIFT_EMIT_LOC_STRINGS = NO;
				TEST_HOST = "$(BUILT_PRODUCTS_DIR)/Read.app/$(BUNDLE_EXECUTABLE_FOLDER_PATH)/Read";
			};
			name = Debug;
		};
		21B41D382A2396CB008E3FE2 /* Release */ = {
			isa = XCBuildConfiguration;
			buildSettings = {
				BUNDLE_LOADER = "$(TEST_HOST)";
				CODE_SIGN_STYLE = Automatic;
				CURRENT_PROJECT_VERSION = 1;
				DEVELOPMENT_TEAM = 372S63A2R8;
				GENERATE_INFOPLIST_FILE = YES;
				MACOSX_DEPLOYMENT_TARGET = 13.3;
				MARKETING_VERSION = 1.0;
				PRODUCT_BUNDLE_IDENTIFIER = com.goldenhillsoftware.ReadTests;
				PRODUCT_NAME = "$(TARGET_NAME)";
				SWIFT_EMIT_LOC_STRINGS = NO;
				TEST_HOST = "$(BUILT_PRODUCTS_DIR)/Read.app/$(BUNDLE_EXECUTABLE_FOLDER_PATH)/Read";
			};
			name = Release;
		};
		21B41D692A244614008E3FE2 /* Debug */ = {
			isa = XCBuildConfiguration;
			buildSettings = {
				BUNDLE_LOADER = "$(TEST_HOST)";
				CODE_SIGN_STYLE = Automatic;
				CURRENT_PROJECT_VERSION = 1;
				DEVELOPMENT_TEAM = 372S63A2R8;
				GENERATE_INFOPLIST_FILE = YES;
				MARKETING_VERSION = 1.0;
				PRODUCT_BUNDLE_IDENTIFIER = "com.goldenhillsoftware.Read-Integration-Tests";
				PRODUCT_NAME = "$(TARGET_NAME)";
				SWIFT_EMIT_LOC_STRINGS = NO;
				TEST_HOST = "$(BUILT_PRODUCTS_DIR)/Read.app/$(BUNDLE_EXECUTABLE_FOLDER_PATH)/Read";
			};
			name = Debug;
		};
		21B41D6A2A244614008E3FE2 /* Release */ = {
			isa = XCBuildConfiguration;
			buildSettings = {
				BUNDLE_LOADER = "$(TEST_HOST)";
				CODE_SIGN_STYLE = Automatic;
				CURRENT_PROJECT_VERSION = 1;
				DEVELOPMENT_TEAM = 372S63A2R8;
				GENERATE_INFOPLIST_FILE = YES;
				MARKETING_VERSION = 1.0;
				PRODUCT_BUNDLE_IDENTIFIER = "com.goldenhillsoftware.Read-Integration-Tests";
				PRODUCT_NAME = "$(TARGET_NAME)";
				SWIFT_EMIT_LOC_STRINGS = NO;
				TEST_HOST = "$(BUILT_PRODUCTS_DIR)/Read.app/$(BUNDLE_EXECUTABLE_FOLDER_PATH)/Read";
			};
			name = Release;
		};
/* End XCBuildConfiguration section */

/* Begin XCConfigurationList section */
		21B41D052A2396C6008E3FE2 /* Build configuration list for PBXProject "Read" */ = {
			isa = XCConfigurationList;
			buildConfigurations = (
				21B41D312A2396CB008E3FE2 /* Debug */,
				21B41D322A2396CB008E3FE2 /* Release */,
			);
			defaultConfigurationIsVisible = 0;
			defaultConfigurationName = Release;
		};
		21B41D332A2396CB008E3FE2 /* Build configuration list for PBXNativeTarget "Read" */ = {
			isa = XCConfigurationList;
			buildConfigurations = (
				21B41D342A2396CB008E3FE2 /* Debug */,
				21B41D352A2396CB008E3FE2 /* Release */,
			);
			defaultConfigurationIsVisible = 0;
			defaultConfigurationName = Release;
		};
		21B41D362A2396CB008E3FE2 /* Build configuration list for PBXNativeTarget "Read Unit Tests" */ = {
			isa = XCConfigurationList;
			buildConfigurations = (
				21B41D372A2396CB008E3FE2 /* Debug */,
				21B41D382A2396CB008E3FE2 /* Release */,
			);
			defaultConfigurationIsVisible = 0;
			defaultConfigurationName = Release;
		};
		21B41D682A244614008E3FE2 /* Build configuration list for PBXNativeTarget "Read Integration Tests" */ = {
			isa = XCConfigurationList;
			buildConfigurations = (
				21B41D692A244614008E3FE2 /* Debug */,
				21B41D6A2A244614008E3FE2 /* Release */,
			);
			defaultConfigurationIsVisible = 0;
			defaultConfigurationName = Release;
		};
/* End XCConfigurationList section */
	};
	rootObject = 21B41D022A2396C6008E3FE2 /* Project object */;
}
